# This file was autogenerated by uv via the following command:
#    uv pip compile requirements.txt -o requirements.lock
asttokens==3.0.0
    # via
    #   -r requirements.txt
    #   stack-data
attrs==25.3.0
    # via
    #   -r requirements.txt
    #   jsonschema
    #   referencing
colorama==0.4.6
    # via
    #   -r requirements.txt
    #   ipython
comm==0.2.2
    # via
    #   -r requirements.txt
    #   ipykernel
debugpy==1.8.14
    # via
    #   -r requirements.txt
    #   ipykernel
decorator==5.2.1
    # via
    #   -r requirements.txt
    #   ipython
executing==2.2.0
    # via
    #   -r requirements.txt
    #   stack-data
fastjsonschema==2.21.1
    # via
    #   -r requirements.txt
    #   nbformat
ipykernel==6.29.5
    # via -r requirements.txt
ipython==9.2.0
    # via
    #   -r requirements.txt
    #   ipykernel
ipython-pygments-lexers==1.1.1
    # via
    #   -r requirements.txt
    #   ipython
jedi==0.19.2
    # via
    #   -r requirements.txt
    #   ipython
jsonschema==4.23.0
    # via
    #   -r requirements.txt
    #   nbformat
jsonschema-specifications==2025.4.1
    # via
    #   -r requirements.txt
    #   jsonschema
jupyter-client==8.6.3
    # via
    #   -r requirements.txt
    #   ipykernel
jupyter-core==5.7.2
    # via
    #   -r requirements.txt
    #   ipykernel
    #   jupyter-client
    #   nbformat
kaleido==0.2.1
    # via -r requirements.txt
matplotlib-inline==0.1.7
    # via
    #   -r requirements.txt
    #   ipykernel
    #   ipython
narwhals==1.38.2
    # via
    #   -r requirements.txt
    #   plotly
nbformat==5.10.4
    # via -r requirements.txt
nest-asyncio==1.6.0
    # via
    #   -r requirements.txt
    #   ipykernel
packaging==25.0
    # via
    #   -r requirements.txt
    #   ipykernel
    #   plotly
parso==0.8.4
    # via
    #   -r requirements.txt
    #   jedi
platformdirs==4.3.8
    # via
    #   -r requirements.txt
    #   jupyter-core
plotly==6.0.1
    # via -r requirements.txt
prompt-toolkit==3.0.51
    # via
    #   -r requirements.txt
    #   ipython
psutil==7.0.0
    # via
    #   -r requirements.txt
    #   ipykernel
pure-eval==0.2.3
    # via
    #   -r requirements.txt
    #   stack-data
pygments==2.19.1
    # via
    #   -r requirements.txt
    #   ipython
    #   ipython-pygments-lexers
python-dateutil==2.9.0.post0
    # via
    #   -r requirements.txt
    #   jupyter-client
pywin32==310
    # via
    #   -r requirements.txt
    #   jupyter-core
pyyaml==6.0.2
    # via -r requirements.txt
pyzmq==26.4.0
    # via
    #   -r requirements.txt
    #   ipykernel
    #   jupyter-client
referencing==0.36.2
    # via
    #   -r requirements.txt
    #   jsonschema
    #   jsonschema-specifications
rpds-py==0.24.0
    # via
    #   -r requirements.txt
    #   jsonschema
    #   referencing
six==1.17.0
    # via
    #   -r requirements.txt
    #   python-dateutil
stack-data==0.6.3
    # via
    #   -r requirements.txt
    #   ipython
tornado==6.4.2
    # via
    #   -r requirements.txt
    #   ipykernel
    #   jupyter-client
traitlets==5.14.3
    # via
    #   -r requirements.txt
    #   comm
    #   ipykernel
    #   ipython
    #   jupyter-client
    #   jupyter-core
    #   matplotlib-inline
    #   nbformat
typing-extensions==4.13.2
    # via
    #   -r requirements.txt
    #   referencing
wcwidth==0.2.13
    # via
    #   -r requirements.txt
    #   prompt-toolkit
